# THIS IS AN AUTOGENERATED FILE. DO NOT EDIT THIS FILE DIRECTLY.
# yarn lockfile v1


"@babel/runtime@^7.12.0":
  version "7.25.6"
  resolved "https://registry.yarnpkg.com/@babel/runtime/-/runtime-7.25.6.tgz#9afc3289f7184d8d7f98b099884c26317b9264d2"
  integrity sha512-VBj9MYyDb9tuLq7yzqjgzt6Q+IBQLrGZfdjOekyEirZPHxXWoTSGUTMrpsfi58Up73d13NfYLv8HT9vmznjzhQ==
  dependencies:
    regenerator-runtime "^0.14.0"

"@chenfengyuan/datepicker@1.*":
  version "1.0.10"
  resolved "https://registry.yarnpkg.com/@chenfengyuan/datepicker/-/datepicker-1.0.10.tgz#33d544d80f8f0a10dcb6194136ea5639d285b3d5"
  integrity sha512-w016ygdUgBY6hhV7HFKRy2DeSiRPPczekA6FJfIpmqQYh5leKne4WvW/YWOCY1xrQVvamdLyhMhbsn8vN5iQAg==

"@fortawesome/fontawesome-free@5.*":
  version "5.15.4"
  resolved "https://registry.yarnpkg.com/@fortawesome/fontawesome-free/-/fontawesome-free-5.15.4.tgz#ecda5712b61ac852c760d8b3c79c96adca5554e5"
  integrity sha512-eYm8vijH/hpzr/6/1CJ/V/Eb1xQFW2nnUKArb3z+yUWv7HTwj6M7SP957oMjfZjAHU6qpoNc2wQvIxBLWYa/Jg==

"@kurkle/color@^0.3.0":
  version "0.3.2"
  resolved "https://registry.yarnpkg.com/@kurkle/color/-/color-0.3.2.tgz#5acd38242e8bde4f9986e7913c8fdf49d3aa199f"
  integrity sha512-fuscdXJ9G1qb7W8VdHi+IwRqij3lBkosAm4ydQtEmbY58OzHXqQhvlxqEkoz0yssNVn38bcpRWgA9PP+OGoisw==

block-ui@2.70.*:
  version "2.70.1"
  resolved "https://registry.yarnpkg.com/block-ui/-/block-ui-2.70.1.tgz#c862d64ee6288fb78123377c6680bc7ab262103f"
  integrity sha512-Hx69Bw368lQ9+zOcisvWpoHBsZi9owHQ1YBwLZXFhOMXv59VjBSHHCDWfTaByYSUoNZgTt/sjR1juEbyqwWpwQ==
  dependencies:
    jquery ">=1.7.x"

bootstrap-table@1.21.*:
  version "1.21.4"
  resolved "https://registry.yarnpkg.com/bootstrap-table/-/bootstrap-table-1.21.4.tgz#b469b5f4efb5fe833026fd1df344f11732b2300a"
  integrity sha512-Vp0kwkCsZzBINiA1KJ46LSkIa4oA0r6GSuzERZEqkUU8/0JDij2aG4CdYxiOm/UFCPZ9+KuAE4zSjxJLxg5jWw==

bootstrap4-toggle@^3.6.1:
  version "3.6.1"
  resolved "https://registry.yarnpkg.com/bootstrap4-toggle/-/bootstrap4-toggle-3.6.1.tgz#867f2c350727022e6358ec0d43e43b7cfb609f74"
  integrity sha512-eRejcTc9YurhZ64nHY9Ii9DQn+F9/R74H9RPoeANVM3N1+C2lZ2tUuFCx1w3orOJ1y/iG4A7iCwdDZphMDIrYg==

bootstrap@4.5.*:
  version "4.5.3"
  resolved "https://registry.yarnpkg.com/bootstrap/-/bootstrap-4.5.3.tgz#c6a72b355aaf323920be800246a6e4ef30997fe6"
  integrity sha512-o9ppKQioXGqhw8Z7mah6KdTYpNQY//tipnkxppWhPbiSWdD+1raYsnhwEZjkTHYbGee4cVQ0Rx65EhOY/HNLcQ==

chart.js@^4:
  version "4.4.4"
  resolved "https://registry.yarnpkg.com/chart.js/-/chart.js-4.4.4.tgz#b682d2e7249f7a0cbb1b1d31c840266ae9db64b7"
  integrity sha512-emICKGBABnxhMjUjlYRR12PmOXhJ2eJjEHL2/dZlWjxRAZT1D8xplLFq5M0tMQK8ja+wBS/tuVEJB5C6r7VxJA==
  dependencies:
    "@kurkle/color" "^0.3.0"

chartjs-plugin-datalabels@2.*:
  version "2.2.0"
  resolved "https://registry.yarnpkg.com/chartjs-plugin-datalabels/-/chartjs-plugin-datalabels-2.2.0.tgz#369578e131d743c2e34b5fbe2d3f9335f6639b8f"
  integrity sha512-14ZU30lH7n89oq+A4bWaJPnAG8a7ZTk7dKf48YAzMvJjQtjrgg5Dpk9f+LbjCF6bpx3RAGTeL13IXpKQYyRvlw==

chartjs-plugin-trendline@^2.*:
  version "2.1.3"
  resolved "https://registry.yarnpkg.com/chartjs-plugin-trendline/-/chartjs-plugin-trendline-2.1.3.tgz#337aaaeb6e8753eccc5945d5302aaf715c47b28b"
  integrity sha512-77AmtJjFuUDUSSinFMbuTlSiTNNn944n4MdtrDNzZg8Z4iJTG6x/fyn3S0bPHRuJUTiDiMv++C8vjIqftmRGGw==

datatables.net-bs4@1.11.*:
  version "1.11.5"
  resolved "https://registry.yarnpkg.com/datatables.net-bs4/-/datatables.net-bs4-1.11.5.tgz#7767a27991c75716ce7fef1aa6a41d01bfeaefbd"
  integrity sha512-tYE9MnyWIW4P8nm41yQnCqW4dUPK3M7qsuxQY5rViFFKDEU0bUUNAnE9+69P5/4Exe4uyXaY05xFkD00niPZUA==
  dependencies:
    datatables.net ">=1.11.3"
    jquery ">=1.7"

datatables.net-bs4@^1.13.0:
  version "1.13.11"
  resolved "https://registry.yarnpkg.com/datatables.net-bs4/-/datatables.net-bs4-1.13.11.tgz#b31b9006f1901746e6c835925523608bd0a29025"
  integrity sha512-1LnxzQDFKpwvBETc8wtUtQ+pUXhs6NJomNST5pRzzHAccckkj9rZeOp3mevKDnDJKuNhBM1Y0rIeZGylJnqh9A==
  dependencies:
    datatables.net "1.13.11"
    jquery "1.8 - 4"

datatables.net-responsive-bs4@2.*:
  version "2.5.1"
  resolved "https://registry.yarnpkg.com/datatables.net-responsive-bs4/-/datatables.net-responsive-bs4-2.5.1.tgz#1f5d615de94b07558bc2df0174b546fcfdc30255"
  integrity sha512-cOVCG9zRioqJiqZUPXel5/vxKGt8EFhxgzVafDNy2hY3ZO+UMMuRKcs2br/QMoojbXzpKNf2rL/lM7NoXKVKZA==
  dependencies:
    datatables.net-bs4 "^1.13.0"
    datatables.net-responsive "2.5.1"
    jquery ">=1.7"

datatables.net-responsive@2.*, datatables.net-responsive@2.5.1:
  version "2.5.1"
  resolved "https://registry.yarnpkg.com/datatables.net-responsive/-/datatables.net-responsive-2.5.1.tgz#9747a3c6e6b59abd33174e1890356357151bb8c0"
  integrity sha512-hyJb2faIzEWUX5Yn4HOSq/6NNB9SXDVbI4OU9ny+XU/2ghZEz4676spOgzpDHTdWvCfM+t1mbUsT70fDiTTr9w==
  dependencies:
    datatables.net "^1.13.0"
    jquery ">=1.7"

datatables.net@1.11.*:
  version "1.11.5"
  resolved "https://registry.yarnpkg.com/datatables.net/-/datatables.net-1.11.5.tgz#858a69953a01e1d5b18786769802117b04b8e3c9"
  integrity sha512-nlFst2xfwSWaQgaOg5sXVG3cxYC0tH8E8d65289w9ROgF2TmLULOOpcdMpyxxUim/qEwVSEem42RjkTWEpr3eA==
  dependencies:
    jquery ">=1.7"

datatables.net@1.13.11, datatables.net@^1.13.0:
  version "1.13.11"
  resolved "https://registry.yarnpkg.com/datatables.net/-/datatables.net-1.13.11.tgz#e2a4c8b50553512f241ebfcbc078d74d551183b2"
  integrity sha512-AE6RkMXziRaqzPcu/pl3SJXeRa6fmXQG/fVjuRESujvkzqDCYEeKTTpPMuVJSGYJpPi32WGSphVNNY1G4nSN/g==
  dependencies:
    jquery "1.8 - 4"

datatables.net@>=1.11.3:
  version "2.1.5"
  resolved "https://registry.yarnpkg.com/datatables.net/-/datatables.net-2.1.5.tgz#8324f46e4e292bb6336cd93865190f4302b160a5"
  integrity sha512-DgbQaVmT4GuQJ2DzGRt3lNAep++iuM8/Xbr3QIrWQwE7JnZPMSOaAtKFCqkE8HnDIr18jByY6tMy0Sb6atbGqw==
  dependencies:
    jquery ">=1.7"

daterangepicker@3.*:
  version "3.1.0"
  resolved "https://registry.yarnpkg.com/daterangepicker/-/daterangepicker-3.1.0.tgz#718d606614331df3e774c9aba82ccd8838d45da1"
  integrity sha512-DxWXvvPq4srWLCqFugqSV+6CBt/CvQ0dnpXhQ3gl0autcIDAruG1PuGG3gC7yPRNytAD1oU1AcUOzaYhOawhTw==
  dependencies:
    jquery ">=1.10"
    moment "^2.9.0"

i18next-icu@2.*:
  version "2.3.0"
  resolved "https://registry.yarnpkg.com/i18next-icu/-/i18next-icu-2.3.0.tgz#eee6a15ef4c0639d5878aec4db6ec692eaed32bd"
  integrity sha512-x+j7kd5nDJCfbU53uwsMfXD7ALPu5uv0bqjAMQ5nVvXRoj1L7gkmswKtM3XDWYo4YUHf1jznlhSdPyy0xEwU+Q==

i18next@19.*:
  version "19.9.2"
  resolved "https://registry.yarnpkg.com/i18next/-/i18next-19.9.2.tgz#ea5a124416e3c5ab85fddca2c8e3c3669a8da397"
  integrity sha512-0i6cuo6ER6usEOtKajUUDj92zlG+KArFia0857xxiEHAQcUwh/RtOQocui1LPJwunSYT574Pk64aNva1kwtxZg==
  dependencies:
    "@babel/runtime" "^7.12.0"

ionicons-npm@2.*:
  version "2.0.1"
  resolved "https://registry.yarnpkg.com/ionicons-npm/-/ionicons-npm-2.0.1.tgz#ecd0be94944d9ca69f5bb4912edf84d2ec702e15"
  integrity sha512-QkC+NYCGWUuhrz/2hDqjcTIrH8NMfsy1XgpVtM7+F8xtxcUGtUagdu1ykDcXDnNTKXbniLb0RZp2QlMT5n9k1w==

jquery-circle-progress@1.*:
  version "1.2.2"
  resolved "https://registry.yarnpkg.com/jquery-circle-progress/-/jquery-circle-progress-1.2.2.tgz#260e9130ac8e2b5572eaa7a93b9e8a6b27bc8eea"
  integrity sha512-oW8qqxSttAThqCvy9x69+qrrAc0MNTGQlhUVWm+P20k7w8QICdwyYAc7z1CFeX4Gv474Vmr/wSnxk4h0s7ox/w==
  dependencies:
    jquery "*"

jquery.fancytree@2.*:
  version "2.38.3"
  resolved "https://registry.yarnpkg.com/jquery.fancytree/-/jquery.fancytree-2.38.3.tgz#20ffee0ee07ffdb99621ce0c7305a82f67c0c2f1"
  integrity sha512-C3CJcp4sPThy497YBXZNrDSVn/B34sv6kB+toC8gfHrPvJWgYkL3NSMovBxXo6fN6yXUnvWhWaON/ejG3Nsxdg==

jquery@*, "jquery@1.8 - 4", jquery@3.*, jquery@>=1.10, jquery@>=1.12.0, jquery@>=1.7, jquery@>=1.7.x, jquery@>=1.8:
  version "3.7.1"
  resolved "https://registry.yarnpkg.com/jquery/-/jquery-3.7.1.tgz#083ef98927c9a6a74d05a6af02806566d16274de"
  integrity sha512-m4avr8yL8kmFN8psrbFFFmB/If14iN5o9nw/NgnnM+kybDJpRsAynV2BsfpTYrTRysYUdADVD7CkUUizgkpLfg==

metismenu@3.*:
  version "3.0.7"
  resolved "https://registry.yarnpkg.com/metismenu/-/metismenu-3.0.7.tgz#613dd01d14d053474b926a1ecac24d137c934aaa"
  integrity sha512-omMwIAahlzssjSi3xY9ijkhXI8qEaQTqBdJ9lHmfV5Bld2UkxO2h2M3yWsteAlGJ/nSHi4e69WHDE2r18Ickyw==

moment@2.29.*:
  version "2.29.4"
  resolved "https://registry.yarnpkg.com/moment/-/moment-2.29.4.tgz#3dbe052889fe7c1b2ed966fcb3a77328964ef108"
  integrity sha512-5LC9SOxjSc2HF6vO2CyuTDNivEdoz2IvyJJGj6X8DJ0eFyfszE0QiEd+iXmBvUP3WHxSjFH/vIsA0EN00cgr8w==

moment@^2.9.0:
  version "2.30.1"
  resolved "https://registry.yarnpkg.com/moment/-/moment-2.30.1.tgz#f8c91c07b7a786e30c59926df530b4eac96974ae"
  integrity sha512-uEmtNhbDOrWPFS+hdjFCBfy9f2YoyzRpwcl+DqpC6taX21FzsTLQVbMV/W7PzNSX6x/bhC1zA3c2UQ5NzH6how==

nouislider@14.6.*:
  version "14.6.4"
  resolved "https://registry.yarnpkg.com/nouislider/-/nouislider-14.6.4.tgz#81eb9544309a59b013293278951661da69e46713"
  integrity sha512-PVCGYl+aC7/nVEbW61ypJWfuW3UCpvctz/luxpt4byxxli1FFyjBX9NIiy4Yak9AaO6a5BkPGfFYMCW4eg3eeQ==

pe7-icon@1.*:
  version "1.0.4"
  resolved "https://registry.yarnpkg.com/pe7-icon/-/pe7-icon-1.0.4.tgz#b6bc9c431069672e2c0fc73b7715c1c91b183a31"
  integrity sha512-ep08posjtRQERRiTxsh7o5Hx7qQj28Y/1pVZSZz28VfUAY1TXqI86pZM1skzjq2ejJAXxzt3XTuNiErTOKUF2g==

perfect-scrollbar@1.5.*:
  version "1.5.5"
  resolved "https://registry.yarnpkg.com/perfect-scrollbar/-/perfect-scrollbar-1.5.5.tgz#41a211a2fb52a7191eff301432134ea47052b27f"
  integrity sha512-dzalfutyP3e/FOpdlhVryN4AJ5XDVauVWxybSkLZmakFE2sS3y3pc4JnSprw8tGmHvkaG5Edr5T7LBTZ+WWU2g==

popper.js@1.16.*:
  version "1.16.1"
  resolved "https://registry.yarnpkg.com/popper.js/-/popper.js-1.16.1.tgz#2a223cb3dc7b6213d740e40372be40de43e65b1b"
  integrity sha512-Wb4p1J4zyFTbM+u6WuO4XstYx4Ky9Cewe4DWrel7B0w6VVICvPwdOpotjzcf6eD8TsckVnIMNONQyPIUFOUbCQ==

regenerator-runtime@^0.14.0:
  version "0.14.1"
  resolved "https://registry.yarnpkg.com/regenerator-runtime/-/regenerator-runtime-0.14.1.tgz#356ade10263f685dda125100cd862c1db895327f"
  integrity sha512-dYnhHh0nJoMfnkZs6GmmhFknAGRrLznOu5nc9ML+EJxGvrx6H7teuevqVqCuPcPK//3eDrrjQhehXVx9cnkGdw==

select2-bootstrap4-theme@1.*:
  version "1.0.0"
  resolved "https://registry.yarnpkg.com/select2-bootstrap4-theme/-/select2-bootstrap4-theme-1.0.0.tgz#d637ff18e7fdade8d723ad4c567ef2ba48b73094"
  integrity sha512-H5v9fd5JWqYKZZ0T8jB5cIrAhWdAIbr3K0pkfuUebcEZqFXlPtZSKoANzJc/qbDzj0/Sle1h/4APpVPveiR/VA==

select2@^4.0.13:
  version "4.0.13"
  resolved "https://registry.yarnpkg.com/select2/-/select2-4.0.13.tgz#0dbe377df3f96167c4c1626033e924372d8ef44d"
  integrity sha512-1JeB87s6oN/TDxQQYCvS5EFoQyvV6eYMZZ0AeA4tdFDYWN3BAGZ8npr17UBFddU0lgAt3H0yjX3X6/ekOj1yjw==

slick-carousel@1.*:
  version "1.8.1"
  resolved "https://registry.yarnpkg.com/slick-carousel/-/slick-carousel-1.8.1.tgz#a4bfb29014887bb66ce528b90bd0cda262cc8f8d"
  integrity sha512-XB9Ftrf2EEKfzoQXt3Nitrt/IPbT+f1fgqBdoxO3W/+JYvtEOW6EgxnWfr9GH6nmULv7Y2tPmEX3koxThVmebA==

smartwizard@4.*:
  version "4.4.1"
  resolved "https://registry.yarnpkg.com/smartwizard/-/smartwizard-4.4.1.tgz#4107314c3167c82db86fae77daeca05c84d72c3f"
  integrity sha512-tSvrRi+QA3Tha26wwhLUZF/rgyyebzg9nndlG45i66JeI+q0CmpP97W9X6+re6tApB9YSPH3wREf40gt06xPqQ==

textarea-autosize@0.*:
  version "0.4.2"
  resolved "https://registry.yarnpkg.com/textarea-autosize/-/textarea-autosize-0.4.2.tgz#f2fb0263b27fb4e7cf67abfe6e51f3cd712720cf"
  integrity sha512-a56O2ByoIrJUw2MFK0PSpLLIkVI/lXjjdnekO0xUIafTR/+sM1iPe3jnjPJfWqHJCKvmUqChbdHNXBklnnZbvg==
  dependencies:
    jquery ">=1.8"

toastr@2.*:
  version "2.1.4"
  resolved "https://registry.yarnpkg.com/toastr/-/toastr-2.1.4.tgz#8b43be64fb9d0c414871446f2db8e8ca4e95f181"
  integrity sha512-LIy77F5n+sz4tefMmFOntcJ6HL0Fv3k1TDnNmFZ0bU/GcvIIfy6eG2v7zQmMiYgaalAiUv75ttFrPn5s0gyqlA==
  dependencies:
    jquery ">=1.12.0"

wnumb@^1.2.0:
  version "1.2.0"
  resolved "https://registry.yarnpkg.com/wnumb/-/wnumb-1.2.0.tgz#f6fa5bfa739b9ca3b1e472094e1feeeb189484d9"
  integrity sha512-eYut5K/dW7usfk/Mwm6nxBNoTPp/uP7PlXld+hhg7lDtHLdHFnNclywGYM9BRC7Ohd4JhwuHg+vmOUGfd3NhVA==
